// !$*UTF8*$!
{
	archiveVersion = 1;
	classes = {
	};
	objectVersion = 46;
	objects = {

/* Begin PBXBuildFile section */
		F5168C1B1BA9AE03005FA504 /* CalculatorBrain.swift in Sources */ = {isa = PBXBuildFile; fileRef = F5168C1A1BA9AE03005FA504 /* CalculatorBrain.swift */; };
		F56805041BA835600025BEAD /* ViewController.swift in Sources */ = {isa = PBXBuildFile; fileRef = F56805031BA835600025BEAD /* ViewController.swift */; };
		F56805071BA835600025BEAD /* Main.storyboard in Resources */ = {isa = PBXBuildFile; fileRef = F56805051BA835600025BEAD /* Main.storyboard */; };
		F56805091BA835600025BEAD /* Images.xcassets in Resources */ = {isa = PBXBuildFile; fileRef = F56805081BA835600025BEAD /* Images.xcassets */; };
		F568050C1BA835600025BEAD /* LaunchScreen.xib in Resources */ = {isa = PBXBuildFile; fileRef = F568050A1BA835600025BEAD /* LaunchScreen.xib */; };
		F56805181BA835600025BEAD /* CalculatorTests.swift in Sources */ = {isa = PBXBuildFile; fileRef = F56805171BA835600025BEAD /* CalculatorTests.swift */; };
		F58522EA1BA8387E0071E176 /* AppDelegate.swift in Sources */ = {isa = PBXBuildFile; fileRef = F58522E91BA8387E0071E176 /* AppDelegate.swift */; };
/* End PBXBuildFile section */

/* Begin PBXContainerItemProxy section */
		F56805121BA835600025BEAD /* PBXContainerItemProxy */ = {
			isa = PBXContainerItemProxy;
			containerPortal = F56804F41BA835600025BEAD /* Project object */;
			proxyType = 1;
			remoteGlobalIDString = F56804FB1BA835600025BEAD;
			remoteInfo = Calculator;
		};
/* End PBXContainerItemProxy section */

/* Begin PBXFileReference section */
		F5168C1A1BA9AE03005FA504 /* CalculatorBrain.swift */ = {isa = PBXFileReference; fileEncoding = 4; lastKnownFileType = sourcecode.swift; path = CalculatorBrain.swift; sourceTree = "<group>"; };
		F56804FC1BA835600025BEAD /* Calculator.app */ = {isa = PBXFileReference; explicitFileType = wrapper.application; includeInIndex = 0; path = Calculator.app; sourceTree = BUILT_PRODUCTS_DIR; };
		F56805001BA835600025BEAD /* Info.plist */ = {isa = PBXFileReference; lastKnownFileType = text.plist.xml; path = Info.plist; sourceTree = "<group>"; };
		F56805031BA835600025BEAD /* ViewController.swift */ = {isa = PBXFileReference; lastKnownFileType = sourcecode.swift; path = ViewController.swift; sourceTree = "<group>"; };
		F56805061BA835600025BEAD /* Base */ = {isa = PBXFileReference; lastKnownFileType = file.storyboard; name = Base; path = Base.lproj/Main.storyboard; sourceTree = "<group>"; };
		F56805081BA835600025BEAD /* Images.xcassets */ = {isa = PBXFileReference; lastKnownFileType = folder.assetcatalog; path = Images.xcassets; sourceTree = "<group>"; };
		F568050B1BA835600025BEAD /* Base */ = {isa = PBXFileReference; lastKnownFileType = file.xib; name = Base; path = Base.lproj/LaunchScreen.xib; sourceTree = "<group>"; };
		F56805111BA835600025BEAD /* CalculatorTests.xctest */ = {isa = PBXFileReference; explicitFileType = wrapper.cfbundle; includeInIndex = 0; path = CalculatorTests.xctest; sourceTree = BUILT_PRODUCTS_DIR; };
		F56805161BA835600025BEAD /* Info.plist */ = {isa = PBXFileReference; lastKnownFileType = text.plist.xml; path = Info.plist; sourceTree = "<group>"; };
		F56805171BA835600025BEAD /* CalculatorTests.swift */ = {isa = PBXFileReference; lastKnownFileType = sourcecode.swift; path = CalculatorTests.swift; sourceTree = "<group>"; };
		F58522E91BA8387E0071E176 /* AppDelegate.swift */ = {isa = PBXFileReference; fileEncoding = 4; lastKnownFileType = sourcecode.swift; path = AppDelegate.swift; sourceTree = "<group>"; };
/* End PBXFileReference section */

/* Begin PBXFrameworksBuildPhase section */
		F56804F91BA835600025BEAD /* Frameworks */ = {
			isa = PBXFrameworksBuildPhase;
			buildActionMask = 2147483647;
			files = (
			);
			runOnlyForDeploymentPostprocessing = 0;
		};
		F568050E1BA835600025BEAD /* Frameworks */ = {
			isa = PBXFrameworksBuildPhase;
			buildActionMask = 2147483647;
			files = (
			);
			runOnlyForDeploymentPostprocessing = 0;
		};
/* End PBXFrameworksBuildPhase section */

/* Begin PBXGroup section */
		F56804F31BA835600025BEAD = {
			isa = PBXGroup;
			children = (
				F56804FE1BA835600025BEAD /* Calculator */,
				F56805141BA835600025BEAD /* CalculatorTests */,
				F56804FD1BA835600025BEAD /* Products */,
			);
			sourceTree = "<group>";
		};
		F56804FD1BA835600025BEAD /* Products */ = {
			isa = PBXGroup;
			children = (
				F56804FC1BA835600025BEAD /* Calculator.app */,
				F56805111BA835600025BEAD /* CalculatorTests.xctest */,
			);
			name = Products;
			sourceTree = "<group>";
		};
		F56804FE1BA835600025BEAD /* Calculator */ = {
			isa = PBXGroup;
			children = (
				F56805031BA835600025BEAD /* ViewController.swift */,
				F56805051BA835600025BEAD /* Main.storyboard */,
				F5168C1A1BA9AE03005FA504 /* CalculatorBrain.swift */,
				F58522E91BA8387E0071E176 /* AppDelegate.swift */,
				F56805081BA835600025BEAD /* Images.xcassets */,
				F568050A1BA835600025BEAD /* LaunchScreen.xib */,
				F56804FF1BA835600025BEAD /* Supporting Files */,
			);
			path = Calculator;
			sourceTree = "<group>";
		};
		F56804FF1BA835600025BEAD /* Supporting Files */ = {
			isa = PBXGroup;
			children = (
				F56805001BA835600025BEAD /* Info.plist */,
			);
			name = "Supporting Files";
			sourceTree = "<group>";
		};
		F56805141BA835600025BEAD /* CalculatorTests */ = {
			isa = PBXGroup;
			children = (
				F56805171BA835600025BEAD /* CalculatorTests.swift */,
				F56805151BA835600025BEAD /* Supporting Files */,
			);
			path = CalculatorTests;
			sourceTree = "<group>";
		};
		F56805151BA835600025BEAD /* Supporting Files */ = {
			isa = PBXGroup;
			children = (
				F56805161BA835600025BEAD /* Info.plist */,
			);
			name = "Supporting Files";
			sourceTree = "<group>";
		};
/* End PBXGroup section */

/* Begin PBXNativeTarget section */
		F56804FB1BA835600025BEAD /* Calculator */ = {
			isa = PBXNativeTarget;
			buildConfigurationList = F568051B1BA835600025BEAD /* Build configuration list for PBXNativeTarget "Calculator" */;
			buildPhases = (
				F56804F81BA835600025BEAD /* Sources */,
				F56804F91BA835600025BEAD /* Frameworks */,
				F56804FA1BA835600025BEAD /* Resources */,
			);
			buildRules = (
			);
			dependencies = (
			);
			name = Calculator;
			productName = Calculator;
			productReference = F56804FC1BA835600025BEAD /* Calculator.app */;
			productType = "com.apple.product-type.application";
		};
		F56805101BA835600025BEAD /* CalculatorTests */ = {
			isa = PBXNativeTarget;
			buildConfigurationList = F568051E1BA835600025BEAD /* Build configuration list for PBXNativeTarget "CalculatorTests" */;
			buildPhases = (
				F568050D1BA835600025BEAD /* Sources */,
				F568050E1BA835600025BEAD /* Frameworks */,
				F568050F1BA835600025BEAD /* Resources */,
			);
			buildRules = (
			);
			dependencies = (
				F56805131BA835600025BEAD /* PBXTargetDependency */,
			);
			name = CalculatorTests;
			productName = CalculatorTests;
			productReference = F56805111BA835600025BEAD /* CalculatorTests.xctest */;
			productType = "com.apple.product-type.bundle.unit-test";
		};
/* End PBXNativeTarget section */

/* Begin PBXProject section */
		F56804F41BA835600025BEAD /* Project object */ = {
			isa = PBXProject;
			attributes = {
				LastSwiftUpdateCheck = 0700;
				LastUpgradeCheck = 0700;
				ORGANIZATIONNAME = "Yu Liu";
				TargetAttributes = {
					F56804FB1BA835600025BEAD = {
						CreatedOnToolsVersion = 6.4;
					};
					F56805101BA835600025BEAD = {
						CreatedOnToolsVersion = 6.4;
						TestTargetID = F56804FB1BA835600025BEAD;
					};
				};
			};
			buildConfigurationList = F56804F71BA835600025BEAD /* Build configuration list for PBXProject "Calculator" */;
			compatibilityVersion = "Xcode 3.2";
			developmentRegion = English;
			hasScannedForEncodings = 0;
			knownRegions = (
				en,
				Base,
			);
			mainGroup = F56804F31BA835600025BEAD;
			productRefGroup = F56804FD1BA835600025BEAD /* Products */;
			projectDirPath = "";
			projectRoot = "";
			targets = (
				F56804FB1BA835600025BEAD /* Calculator */,
				F56805101BA835600025BEAD /* CalculatorTests */,
			);
		};
/* End PBXProject section */

/* Begin PBXResourcesBuildPhase section */
		F56804FA1BA835600025BEAD /* Resources */ = {
			isa = PBXResourcesBuildPhase;
			buildActionMask = 2147483647;
			files = (
				F56805071BA835600025BEAD /* Main.storyboard in Resources */,
				F568050C1BA835600025BEAD /* LaunchScreen.xib in Resources */,
				F56805091BA835600025BEAD /* Images.xcassets in Resources */,
			);
			runOnlyForDeploymentPostprocessing = 0;
		};
		F568050F1BA835600025BEAD /* Resources */ = {
			isa = PBXResourcesBuildPhase;
			buildActionMask = 2147483647;
			files = (
			);
			runOnlyForDeploymentPostprocessing = 0;
		};
/* End PBXResourcesBuildPhase section */

/* Begin PBXSourcesBuildPhase section */
		F56804F81BA835600025BEAD /* Sources */ = {
			isa = PBXSourcesBuildPhase;
			buildActionMask = 2147483647;
			files = (
				F5168C1B1BA9AE03005FA504 /* CalculatorBrain.swift in Sources */,
				F58522EA1BA8387E0071E176 /* AppDelegate.swift in Sources */,
				F56805041BA835600025BEAD /* ViewController.swift in Sources */,
			);
			runOnlyForDeploymentPostprocessing = 0;
		};
		F568050D1BA835600025BEAD /* Sources */ = {
			isa = PBXSourcesBuildPhase;
			buildActionMask = 2147483647;
			files = (
				F56805181BA835600025BEAD /* CalculatorTests.swift in Sources */,
			);
			runOnlyForDeploymentPostprocessing = 0;
		};
/* End PBXSourcesBuildPhase section */

/* Begin PBXTargetDependency section */
		F56805131BA835600025BEAD /* PBXTargetDependency */ = {
			isa = PBXTargetDependency;
			target = F56804FB1BA835600025BEAD /* Calculator */;
			targetProxy = F56805121BA835600025BEAD /* PBXContainerItemProxy */;
		};
/* End PBXTargetDependency section */

/* Begin PBXVariantGroup section */
		F56805051BA835600025BEAD /* Main.storyboard */ = {
			isa = PBXVariantGroup;
			children = (
				F56805061BA835600025BEAD /* Base */,
			);
			name = Main.storyboard;
			sourceTree = "<group>";
		};
		F568050A1BA835600025BEAD /* LaunchScreen.xib */ = {
			isa = PBXVariantGroup;
			children = (
				F568050B1BA835600025BEAD /* Base */,
			);
			name = LaunchScreen.xib;
			sourceTree = "<group>";
		};
/* End PBXVariantGroup section */

/* Begin XCBuildConfiguration section */
		F56805191BA835600025BEAD /* Debug */ = {
			isa = XCBuildConfiguration;
			buildSettings = {
				ALWAYS_SEARCH_USER_PATHS = NO;
				CLANG_CXX_LANGUAGE_STANDARD = "gnu++0x";
				CLANG_CXX_LIBRARY = "libc++";
				CLANG_ENABLE_MODULES = YES;
				CLANG_ENABLE_OBJC_ARC = YES;
				CLANG_WARN_BOOL_CONVERSION = YES;
				CLANG_WARN_CONSTANT_CONVERSION = YES;
				CLANG_WARN_DIRECT_OBJC_ISA_USAGE = YES_ERROR;
				CLANG_WARN_EMPTY_BODY = YES;
				CLANG_WARN_ENUM_CONVERSION = YES;
				CLANG_WARN_INT_CONVERSION = YES;
				CLANG_WARN_OBJC_ROOT_CLASS = YES_ERROR;
				CLANG_WARN_UNREACHABLE_CODE = YES;
				CLANG_WARN__DUPLICATE_METHOD_MATCH = YES;
				"CODE_SIGN_IDENTITY[sdk=iphoneos*]" = "iPhone Developer";
				COPY_PHASE_STRIP = NO;
				DEBUG_INFORMATION_FORMAT = "dwarf-with-dsym";
				ENABLE_STRICT_OBJC_MSGSEND = YES;
				ENABLE_TESTABILITY = YES;
				GCC_C_LANGUAGE_STANDARD = gnu99;
				GCC_DYNAMIC_NO_PIC = NO;
				GCC_NO_COMMON_BLOCKS = YES;
				GCC_OPTIMIZATION_LEVEL = 0;
				GCC_PREPROCESSOR_DEFINITIONS = (
					"DEBUG=1",
					"$(inherited)",
				);
				GCC_SYMBOLS_PRIVATE_EXTERN = NO;
				GCC_WARN_64_TO_32_BIT_CONVERSION = YES;
				GCC_WARN_ABOUT_RETURN_TYPE = YES_ERROR;
				GCC_WARN_UNDECLARED_SELECTOR = YES;
				GCC_WARN_UNINITIALIZED_AUTOS = YES_AGGRESSIVE;
				GCC_WARN_UNUSED_FUNCTION = YES;
				GCC_WARN_UNUSED_VARIABLE = YES;
				IPHONEOS_DEPLOYMENT_TARGET = 8.4;
				MTL_ENABLE_DEBUG_INFO = YES;
				ONLY_ACTIVE_ARCH = YES;
				SDKROOT = iphoneos;
				SWIFT_OPTIMIZATION_LEVEL = "-Onone";
				TARGETED_DEVICE_FAMILY = "1,2";
			};
			name = Debug;
		};
		F568051A1BA835600025BEAD /* Release */ = {
			isa = XCBuildConfiguration;
			buildSettings = {
				ALWAYS_SEARCH_USER_PATHS = NO;
				CLANG_CXX_LANGUAGE_STANDARD = "gnu++0x";
				CLANG_CXX_LIBRARY = "libc++";
				CLANG_ENABLE_MODULES = YES;
				CLANG_ENABLE_OBJC_ARC = YES;
				CLANG_WARN_BOOL_CONVERSION = YES;
				CLANG_WARN_CONSTANT_CONVERSION = YES;
				CLANG_WARN_DIRECT_OBJC_ISA_USAGE = YES_ERROR;
				CLANG_WARN_EMPTY_BODY = YES;
				CLANG_WARN_ENUM_CONVERSION = YES;
				CLANG_WARN_INT_CONVERSION = YES;
				CLANG_WARN_OBJC_ROOT_CLASS = YES_ERROR;
				CLANG_WARN_UNREACHABLE_CODE = YES;
				CLANG_WARN__DUPLICATE_METHOD_MATCH = YES;
				"CODE_SIGN_IDENTITY[sdk=iphoneos*]" = "iPhone Developer";
				COPY_PHASE_STRIP = NO;
				DEBUG_INFORMATION_FORMAT = "dwarf-with-dsym";
				ENABLE_NS_ASSERTIONS = NO;
				ENABLE_STRICT_OBJC_MSGSEND = YES;
				GCC_C_LANGUAGE_STANDARD = gnu99;
				GCC_NO_COMMON_BLOCKS = YES;
				GCC_WARN_64_TO_32_BIT_CONVERSION = YES;
				GCC_WARN_ABOUT_RETURN_TYPE = YES_ERROR;
				GCC_WARN_UNDECLARED_SELECTOR = YES;
				GCC_WARN_UNINITIALIZED_AUTOS = YES_AGGRESSIVE;
				GCC_WARN_UNUSED_FUNCTION = YES;
				GCC_WARN_UNUSED_VARIABLE = YES;
				IPHONEOS_DEPLOYMENT_TARGET = 8.4;
				MTL_ENABLE_DEBUG_INFO = NO;
				ONLY_ACTIVE_ARCH = YES;
				SDKROOT = iphoneos;
				TARGETED_DEVICE_FAMILY = "1,2";
				VALIDATE_PRODUCT = YES;
			};
			name = Release;
		};
		F568051C1BA835600025BEAD /* Debug */ = {
			isa = XCBuildConfiguration;
			buildSettings = {
				ASSETCATALOG_COMPILER_APPICON_NAME = AppIcon;
				INFOPLIST_FILE = Calculator/Info.plist;
				LD_RUNPATH_SEARCH_PATHS = "$(inherited) @executable_path/Frameworks";
				PRODUCT_BUNDLE_IDENTIFIER = "me.liuyujack.$(PRODUCT_NAME:rfc1034identifier)";
				PRODUCT_NAME = "$(TARGET_NAME)";
			};
			name = Debug;
		};
		F568051D1BA835600025BEAD /* Release */ = {
			isa = XCBuildConfiguration;
			buildSettings = {
				ASSETCATALOG_COMPILER_APPICON_NAME = AppIcon;
				INFOPLIST_FILE = Calculator/Info.plist;
				LD_RUNPATH_SEARCH_PATHS = "$(inherited) @executable_path/Frameworks";
				PRODUCT_BUNDLE_IDENTIFIER = "me.liuyujack.$(PRODUCT_NAME:rfc1034identifier)";
				PRODUCT_NAME = "$(TARGET_NAME)";
			};
			name = Release;
		};
		F568051F1BA835600025BEAD /* Debug */ = {
			isa = XCBuildConfiguration;
			buildSettings = {
				BUNDLE_LOADER = "$(TEST_HOST)";
				FRAMEWORK_SEARCH_PATHS = (
					"$(SDKROOT)/Developer/Library/Frameworks",
					"$(inherited)",
				);
				GCC_PREPROCESSOR_DEFINITIONS = (
					"DEBUG=1",
					"$(inherited)",
				);
				INFOPLIST_FILE = CalculatorTests/Info.plist;
				LD_RUNPATH_SEARCH_PATHS = "$(inherited) @executable_path/Frameworks @loader_path/Frameworks";
				PRODUCT_BUNDLE_IDENTIFIER = "me.liuyujack.$(PRODUCT_NAME:rfc1034identifier)";
				PRODUCT_NAME = "$(TARGET_NAME)";
				TEST_HOST = "$(BUILT_PRODUCTS_DIR)/Calculator.app/Calculator";
			};
			name = Debug;
		};
		F56805201BA835600025BEAD /* Release */ = {
			isa = XCBuildConfiguration;
			buildSettings = {
				BUNDLE_LOADER = "$(TEST_HOST)";
				FRAMEWORK_SEARCH_PATHS = (
					"$(SDKROOT)/Developer/Library/Frameworks",
					"$(inherited)",
				);
				INFOPLIST_FILE = CalculatorTests/Info.plist;
				LD_RUNPATH_SEARCH_PATHS = "$(inherited) @executable_path/Frameworks @loader_path/Frameworks";
				PRODUCT_BUNDLE_IDENTIFIER = "me.liuyujack.$(PRODUCT_NAME:rfc1034identifier)";
				PRODUCT_NAME = "$(TARGET_NAME)";
				TEST_HOST = "$(BUILT_PRODUCTS_DIR)/Calculator.app/Calculator";
			};
			name = Release;
		};
/* End XCBuildConfiguration section */

/* Begin XCConfigurationList section */
		F56804F71BA835600025BEAD /* Build configuration list for PBXProject "Calculator" */ = {
			isa = XCConfigurationList;
			buildConfigurations = (
				F56805191BA835600025BEAD /* Debug */,
				F568051A1BA835600025BEAD /* Release */,
			);
			defaultConfigurationIsVisible = 0;
			defaultConfigurationName = Release;
		};
		F568051B1BA835600025BEAD /* Build configuration list for PBXNativeTarget "Calculator" */ = {
			isa = XCConfigurationList;
			buildConfigurations = (
				F568051C1BA835600025BEAD /* Debug */,
				F568051D1BA835600025BEAD /* Release */,
			);
			defaultConfigurationIsVisible = 0;
			defaultConfigurationName = Release;
		};
		F568051E1BA835600025BEAD /* Build configuration list for PBXNativeTarget "CalculatorTests" */ = {
			isa = XCConfigurationList;
			buildConfigurations = (
				F568051F1BA835600025BEAD /* Debug */,
				F56805201BA835600025BEAD /* Release */,
			);
			defaultConfigurationIsVisible = 0;
			defaultConfigurationName = Release;
		};
/* End XCConfigurationList section */
	};
	rootObject = F56804F41BA835600025BEAD /* Project object */;
}
